
Microsoft Visual Studio Solution File, Format Version 12.00
# Visual Studio Version 17
VisualStudioVersion = 17.0.31903.59
MinimumVisualStudioVersion = 10.0.40219.1
Project("{FAE04EC0-301F-11D3-BF4B-00C04F79EFBC}") = "Microsoft.Samples.AsyncTask.Web", "web\Microsoft.Samples.AsyncTask.Web.csproj", "{A6A801C1-18AC-4A50-B248-A78C1A397636}"
EndProject
Project("{FAE04EC0-301F-11D3-BF4B-00C04F79EFBC}") = "Microsoft.Samples.AsyncTask.Services", "services\Microsoft.Samples.AsyncTask.Services.csproj", "{6A732D7D-2B8F-4D48-ADBF-0C39E178C1CA}"
EndProject
Global
	GlobalSection(SolutionConfigurationPlatforms) = preSolution
		Debug|Any CPU = Debug|Any CPU
		Release|Any CPU = Release|Any CPU
	EndGlobalSection
	GlobalSection(SolutionProperties) = preSolution
		HideSolutionNode = FALSE
	EndGlobalSection
	GlobalSection(ProjectConfigurationPlatforms) = postSolution
		{A6A801C1-18AC-4A50-B248-A78C1A397636}.Debug|Any CPU.ActiveCfg = Debug|Any CPU
		{A6A801C1-18AC-4A50-B248-A78C1A397636}.Debug|Any CPU.Build.0 = Debug|Any CPU
		{A6A801C1-18AC-4A50-B248-A78C1A397636}.Release|Any CPU.ActiveCfg = Release|Any CPU
		{A6A801C1-18AC-4A50-B248-A78C1A397636}.Release|Any CPU.Build.0 = Release|Any CPU
		{6A732D7D-2B8F-4D48-ADBF-0C39E178C1CA}.Debug|Any CPU.ActiveCfg = Debug|Any CPU
		{6A732D7D-2B8F-4D48-ADBF-0C39E178C1CA}.Debug|Any CPU.Build.0 = Debug|Any CPU
		{6A732D7D-2B8F-4D48-ADBF-0C39E178C1CA}.Release|Any CPU.ActiveCfg = Release|Any CPU
		{6A732D7D-2B8F-4D48-ADBF-0C39E178C1CA}.Release|Any CPU.Build.0 = Release|Any CPU
	EndGlobalSection
EndGlobal
